
Microsoft Visual Studio Solution File, Format Version 12.00
# Visual Studio Version 17
VisualStudioVersion = 17.10.35013.160
MinimumVisualStudioVersion = 10.0.40219.1
Project("{FAE04EC0-301F-11D3-BF4B-00C04F79EFBC}") = "INNOBRA_ASP.Server", "INNOBRA_ASP.Server\INNOBRA_ASP.Server.csproj", "{AB4A869E-028A-49BA-911A-00FF656B56ED}"
EndProject
Project("{FAE04EC0-301F-11D3-BF4B-00C04F79EFBC}") = "INNOBRA_ASP.DB", "INNOBRA_ASP.DB\INNOBRA_ASP.DB.csproj", "{E1EB0AB5-CBB3-4850-84AB-259976074925}"
EndProject
Global
	GlobalSection(SolutionConfigurationPlatforms) = preSolution
		Debug|Any CPU = Debug|Any CPU
		Release|Any CPU = Release|Any CPU
	EndGlobalSection
	GlobalSection(ProjectConfigurationPlatforms) = postSolution
		{AB4A869E-028A-49BA-911A-00FF656B56ED}.Debug|Any CPU.ActiveCfg = Debug|Any CPU
		{AB4A869E-028A-49BA-911A-00FF656B56ED}.Debug|Any CPU.Build.0 = Debug|Any CPU
		{AB4A869E-028A-49BA-911A-00FF656B56ED}.Release|Any CPU.ActiveCfg = Release|Any CPU
		{AB4A869E-028A-49BA-911A-00FF656B56ED}.Release|Any CPU.Build.0 = Release|Any CPU
		{E1EB0AB5-CBB3-4850-84AB-259976074925}.Debug|Any CPU.ActiveCfg = Debug|Any CPU
		{E1EB0AB5-CBB3-4850-84AB-259976074925}.Debug|Any CPU.Build.0 = Debug|Any CPU
		{E1EB0AB5-CBB3-4850-84AB-259976074925}.Release|Any CPU.ActiveCfg = Release|Any CPU
		{E1EB0AB5-CBB3-4850-84AB-259976074925}.Release|Any CPU.Build.0 = Release|Any CPU
	EndGlobalSection
	GlobalSection(SolutionProperties) = preSolution
		HideSolutionNode = FALSE
	EndGlobalSection
	GlobalSection(ExtensibilityGlobals) = postSolution
		SolutionGuid = {11F6DB25-5E4F-420D-8C82-CE114E8FFF6D}
	EndGlobalSection
EndGlobal
